
Microsoft Visual Studio Solution File, Format Version 12.00
# Visual Studio Version 16
VisualStudioVersion = 16.0.29709.97
MinimumVisualStudioVersion = 10.0.40219.1
Project("{8BC9CEB8-8B4A-11D0-8D11-00A0C91BC942}") = "Game", "Game\Game.vcxproj", "{9981A25B-AA00-4283-8E66-90BA68D12919}"
EndProject
Global
	GlobalSection(SolutionConfigurationPlatforms) = preSolution
		Debug|x64 = Debug|x64
		Debug|x86 = Debug|x86
		Release|x64 = Release|x64
		Release|x86 = Release|x86
	EndGlobalSection
	GlobalSection(ProjectConfigurationPlatforms) = postSolution
		{9981A25B-AA00-4283-8E66-90BA68D12919}.Debug|x64.ActiveCfg = Debug|x64
		{9981A25B-AA00-4283-8E66-90BA68D12919}.Debug|x64.Build.0 = Debug|x64
		{9981A25B-AA00-4283-8E66-90BA68D12919}.Debug|x86.ActiveCfg = Debug|Win32
		{9981A25B-AA00-4283-8E66-90BA68D12919}.Debug|x86.Build.0 = Debug|Win32
		{9981A25B-AA00-4283-8E66-90BA68D12919}.Release|x64.ActiveCfg = Release|x64
		{9981A25B-AA00-4283-8E66-90BA68D12919}.Release|x64.Build.0 = Release|x64
		{9981A25B-AA00-4283-8E66-90BA68D12919}.Release|x86.ActiveCfg = Release|Win32
		{9981A25B-AA00-4283-8E66-90BA68D12919}.Release|x86.Build.0 = Release|Win32
	EndGlobalSection
	GlobalSection(SolutionProperties) = preSolution
		HideSolutionNode = FALSE
	EndGlobalSection
	GlobalSection(ExtensibilityGlobals) = postSolution
		SolutionGuid = {5A6843AF-2A1A-466B-B8FE-3F9A019CF26F}
	EndGlobalSection
EndGlobal
